
Microsoft Visual Studio Solution File, Format Version 12.00
# Visual Studio 2013
Project("{FAE04EC0-301F-11D3-BF4B-00C04F79EFBC}") = "goldsmiths_gamejam.CSharp.Plugins", "goldsmiths_gamejam.CSharp.Plugins.csproj", "{84EDF0AF-5BE1-BDDF-F040-8C8101E73671}"
EndProject
Project("{FAE04EC0-301F-11D3-BF4B-00C04F79EFBC}") = "goldsmiths_gamejam.CSharp", "goldsmiths_gamejam.CSharp.csproj", "{2D39F086-6E0B-6777-40CE-C23C85CBFA71}"
EndProject
Project("{FAE04EC0-301F-11D3-BF4B-00C04F79EFBC}") = "goldsmiths_gamejam.CSharp.Editor", "goldsmiths_gamejam.CSharp.Editor.csproj", "{04BB6E17-0B8C-DEDD-A8AE-0ACA59EBAF05}"
EndProject
Global
	GlobalSection(SolutionConfigurationPlatforms) = preSolution
		Debug|Any CPU = Debug|Any CPU
		Release|Any CPU = Release|Any CPU
	EndGlobalSection
	GlobalSection(ProjectConfigurationPlatforms) = postSolution
		{84EDF0AF-5BE1-BDDF-F040-8C8101E73671}.Debug|Any CPU.ActiveCfg = Debug|Any CPU
		{84EDF0AF-5BE1-BDDF-F040-8C8101E73671}.Debug|Any CPU.Build.0 = Debug|Any CPU
		{84EDF0AF-5BE1-BDDF-F040-8C8101E73671}.Release|Any CPU.ActiveCfg = Release|Any CPU
		{84EDF0AF-5BE1-BDDF-F040-8C8101E73671}.Release|Any CPU.Build.0 = Release|Any CPU
		{2D39F086-6E0B-6777-40CE-C23C85CBFA71}.Debug|Any CPU.ActiveCfg = Debug|Any CPU
		{2D39F086-6E0B-6777-40CE-C23C85CBFA71}.Debug|Any CPU.Build.0 = Debug|Any CPU
		{2D39F086-6E0B-6777-40CE-C23C85CBFA71}.Release|Any CPU.ActiveCfg = Release|Any CPU
		{2D39F086-6E0B-6777-40CE-C23C85CBFA71}.Release|Any CPU.Build.0 = Release|Any CPU
		{04BB6E17-0B8C-DEDD-A8AE-0ACA59EBAF05}.Debug|Any CPU.ActiveCfg = Debug|Any CPU
		{04BB6E17-0B8C-DEDD-A8AE-0ACA59EBAF05}.Debug|Any CPU.Build.0 = Debug|Any CPU
		{04BB6E17-0B8C-DEDD-A8AE-0ACA59EBAF05}.Release|Any CPU.ActiveCfg = Release|Any CPU
		{04BB6E17-0B8C-DEDD-A8AE-0ACA59EBAF05}.Release|Any CPU.Build.0 = Release|Any CPU
	EndGlobalSection
	GlobalSection(SolutionProperties) = preSolution
		HideSolutionNode = FALSE
	EndGlobalSection
EndGlobal
