Microsoft Visual Studio Solution File, Format Version 11.00
# Visual Studio 2008

Project("{5AF7DC6E-2650-2EC9-0FAB-39B575C3BCF5}") = "goldsmiths_gamejam", "Assembly-CSharp.csproj", "{8E2A3B6E-FBF0-0B99-9355-88D7B5E3C04F}"
EndProject
Project("{5AF7DC6E-2650-2EC9-0FAB-39B575C3BCF5}") = "goldsmiths_gamejam", "Assembly-CSharp-Editor.csproj", "{77A1B5A5-F5EB-56B9-7197-3FC0594B2CB0}"
EndProject
Global
	GlobalSection(SolutionConfigurationPlatforms) = preSolution
		Debug|Any CPU = Debug|Any CPU
		Release|Any CPU = Release|Any CPU
	EndGlobalSection
	GlobalSection(ProjectConfigurationPlatforms) = postSolution
		{8E2A3B6E-FBF0-0B99-9355-88D7B5E3C04F}.Debug|Any CPU.ActiveCfg = Debug|Any CPU
		{8E2A3B6E-FBF0-0B99-9355-88D7B5E3C04F}.Debug|Any CPU.Build.0 = Debug|Any CPU
		{8E2A3B6E-FBF0-0B99-9355-88D7B5E3C04F}.Release|Any CPU.ActiveCfg = Release|Any CPU
		{8E2A3B6E-FBF0-0B99-9355-88D7B5E3C04F}.Release|Any CPU.Build.0 = Release|Any CPU
		{77A1B5A5-F5EB-56B9-7197-3FC0594B2CB0}.Debug|Any CPU.ActiveCfg = Debug|Any CPU
		{77A1B5A5-F5EB-56B9-7197-3FC0594B2CB0}.Debug|Any CPU.Build.0 = Debug|Any CPU
		{77A1B5A5-F5EB-56B9-7197-3FC0594B2CB0}.Release|Any CPU.ActiveCfg = Release|Any CPU
		{77A1B5A5-F5EB-56B9-7197-3FC0594B2CB0}.Release|Any CPU.Build.0 = Release|Any CPU
	EndGlobalSection
	GlobalSection(SolutionProperties) = preSolution
		HideSolutionNode = FALSE
	EndGlobalSection
			GlobalSection(MonoDevelopProperties) = preSolution
		StartupItem = Assembly-CSharp.csproj
		Policies = $0
		$0.TextStylePolicy = $1
		$1.inheritsSet = null
		$1.scope = text/x-csharp
		$0.CSharpFormattingPolicy = $2
		$2.inheritsSet = Mono
		$2.inheritsScope = text/x-csharp
		$2.scope = text/x-csharp
		$0.TextStylePolicy = $3
		$3.FileWidth = 120
		$3.TabWidth = 4
		$3.IndentWidth = 4
		$3.EolMarker = Unix
		$3.inheritsSet = Mono
		$3.inheritsScope = text/plain
		$3.scope = text/plain
	EndGlobalSection

EndGlobal
